cloud.google.com/go v0.34.0/go.mod h1:aQUYkXzVsufM+DwF1aE+0xfcU+56JwCaLick0ClmMTw=
github.com/briandowns/spinner v1.6.1/go.mod h1://Zf9tMcxfRUA36V23M6YGEAv+kECGfvpnLTnb8n4XQ=
github.com/channelmeter/iso8601duration v0.0.0-20150204201828-8da3af7a2a61/go.mod h1:Rp8e0DCtEKwXFOC6JPJQVTz8tuGoGvw6Xfexggh/ed0=
github.com/davecgh/go-spew v1.1.0/go.mod h1:J7Y8YcW2NihsgmVo/mv3lAwl/skON4iLHjSsI+c5H38=
github.com/elazarl/go-bindata-assetfs v1.0.0 h1:G/bYguwHIzWq9ZoyUQqrjTmJbbYn3j3CKKpKinvZLFk=
github.com/elazarl/go-bindata-assetfs v1.0.0/go.mod h1:v+YaWX3bdea5J/mo8dSETolEo7R71Vk1u8bnjau5yw4=
github.com/fatih/color v1.7.0/go.mod h1:Zm6kSWBoL9eyXnKyktHP6abPY2pDugNf5KwzbycvMj4=
github.com/garyburd/redigo v1.6.0 h1:0VruCpn7yAIIu7pWVClQC8wxCJEcG3nyzpMSHKi1PQc=
github.com/garyburd/redigo v1.6.0/go.mod h1:NR3MbYisc3/PwhQ00EMzDiPmrwpPxAn5GI05/YaO1SY=
github.com/go-ini/ini v1.42.0/go.mod h1:ByCAeIL28uOIIG0E3PJtZPDL8WnHpFKFOtgjp+3Ies8=
github.com/golang/protobuf v1.2.0/go.mod h1:6lQm79b+lXiMfvg/cZm0SGofjICqVBUtrP5yJMmIC1U=
github.com/google/go-github v17.0.0+incompatible h1:N0LgJ1j65A7kfXrZnUDaYCs/Sf4rEjNlfyDHW9dolSY=
github.com/google/go-github v17.0.0+incompatible/go.mod h1:zLgOLi98H3fifZn+44m+umXrS52loVEgC2AApnigrVQ=
github.com/google/go-querystring v1.0.0 h1:Xkwi/a1rcvNg1PPYe5vI8GbeBY/jrVuDX5ASuANWTrk=
github.com/google/go-querystring v1.0.0/go.mod h1:odCYkC5MyYFN7vkCjXpyrEuKhc/BUO6wN/zVPAxq5ck=
github.com/gopherjs/gopherjs v0.0.0-20181017120253-0766667cb4d1/go.mod h1:wJfORRmW1u3UXTncJ5qlYoELFm8eSnnEO6hX4iZ3EWY=
github.com/hashicorp/errwrap v0.0.0-20141028054710-7554cd9344ce/go.mod h1:YH+1FKiLXxHSkmPseP+kNlulaMuP3n2brvKWEqk/Jc4=
github.com/hashicorp/go-multierror v0.0.0-20171204182908-b7773ae21874/go.mod h1:JMRHfdO9jKNzS/+BTlxCjKNQHg/jZAft8U7LloJvN7I=
github.com/jtolds/gls v4.20.0+incompatible/go.mod h1:QJZ7F/aHp+rZTRtaJ1ow/lLfFfVYBRgL+9YlvaHOwJU=
github.com/lib/pq v1.2.0 h1:LXpIM/LZ5xGFhOpXAQUIMM1HdyqzVYM13zNdjCEEcA0=
github.com/lib/pq v1.2.0/go.mod h1:5WUZQaWbwv1U+lTReE5YruASi9Al49XbQIvNi/34Woo=
github.com/mattn/go-colorable v0.1.2/go.mod h1:U0ppj6V5qS13XJ6of8GYAs25YV2eR4EVcfRqFIhoBtE=
github.com/mattn/go-isatty v0.0.8/go.mod h1:Iq45c/XA43vh69/j3iqttzPXn0bhXyGjM0Hdxcsrc5s=
github.com/mmcloughlin/geohash v0.9.0 h1:FihR004p/aE1Sju6gcVq5OLDqGcMnpBY+8moBqIsVOs=
github.com/mmcloughlin/geohash v0.9.0/go.mod h1:oNZxQo5yWJh0eMQEP/8hwQuVx9Z9tjwFUqcTB1SmG0c=
github.com/patrickmn/go-cache v2.1.0+incompatible h1:HRMgzkcYKYpi3C8ajMPV8OFXaaRUnok+kx1WdO15EQc=
github.com/patrickmn/go-cache v2.1.0+incompatible/go.mod h1:3Qf8kWWT7OJRJbdiICTKqZju1ZixQ/KpMGzzAfe6+WQ=
github.com/pkg/errors v0.8.0/go.mod h1:bwawxfHBFNV+L2hUp1rHADufV3IMtnDRdf1r5NINEl0=
github.com/pmezard/go-difflib v1.0.0/go.mod h1:iKH77koFhYxTK1pcRnkKkqfTogsbg7gZNVY4sRDYZ/4=
github.com/skelterjohn/geom v0.0.0-20180103000000-96f3e8a219c5f4276b0dda3568d80c4e02a50116 h1:3viuBF2tRGd2HlEs/uL4LLmdjOj8kAO6Y2c8Ii4H0oI=
github.com/skelterjohn/geom v0.0.0-20180103000000-96f3e8a219c5f4276b0dda3568d80c4e02a50116/go.mod h1:w8cQIijHlvvZM7afYlixPThHAdD+AkRFw3Mb9yQ2Y+I=
github.com/smartystreets/assertions v0.0.0-20180927180507-b2de0cb4f26d/go.mod h1:OnSkiWE9lh6wB0YB77sQom3nweQdgAjqCqsofrRNTgc=
github.com/smartystreets/goconvey v0.0.0-20190330032615-68dc04aab96a/go.mod h1:syvi0/a8iFYH4r/RixwvyeAJjdLS9QV7WQ/tjFTllLA=
github.com/stretchr/objx v0.1.0/go.mod h1:HFkY916IF+rwdDfMAkV7OtwuqBVzrE8GR6GFx+wExME=
github.com/stretchr/testify v1.3.0/go.mod h1:M5WIy9Dh21IEIfnGCwXGc5bZfKNJtfHm1UVUgZn+9EI=
github.com/tidwall/gjson v1.2.1/go.mod h1:c/nTNbUr0E0OrXEhq1pwa8iEgc2DOt4ZZqAt1HtCkPA=
github.com/tidwall/gjson v1.3.2 h1:+7p3qQFaH3fOMXAJSrdZwGKcOO/lYdGS0HqGhPqDdTI=
github.com/tidwall/gjson v1.3.2/go.mod h1:P256ACg0Mn+j1RXIDXoss50DeIABTYK1PULOJHhxOls=
github.com/tidwall/match v1.0.1 h1:PnKP62LPNxHKTwvHHZZzdOAOCtsJTjo6dZLCwpKm5xc=
github.com/tidwall/match v1.0.1/go.mod h1:LujAq0jyVjBy028G1WhWfIzbpQfMO8bBZ6Tyb0+pL9E=
github.com/tidwall/pretty v0.0.0-20190325153808-1166b9ac2b65/go.mod h1:XNkn88O1ChpSDQmQeStsy+sBenx6DDtFZJxhVysOjyk=
github.com/tidwall/pretty v1.0.0 h1:HsD+QiTn7sK6flMKIvNmpqz1qrpP3Ps6jOKIKMooyg4=
github.com/tidwall/pretty v1.0.0/go.mod h1:XNkn88O1ChpSDQmQeStsy+sBenx6DDtFZJxhVysOjyk=
github.com/whosonfirst/go-http-mapzenjs v0.0.0-20180419175126-3d9284bd66ce h1:/u0IE7QR6e0/NgNKdN2JjpLcxMUC9aIyjlii7cgt7Jo=
github.com/whosonfirst/go-http-mapzenjs v0.0.0-20180419175126-3d9284bd66ce/go.mod h1:Ddv2HnfmdSK3USFdfCzR1fEQ2eqwjeyZeS11N+sAELM=
github.com/whosonfirst/go-http-rewrite v0.0.0-20170922163152-18b1c50538dd h1:vGbzgG281gm3uLaGdhN7h3a78wrBPBssH+ndibd+Qmg=
github.com/whosonfirst/go-http-rewrite v0.0.0-20170922163152-18b1c50538dd/go.mod h1:HiatHp1b4eW0qGx53qzvaWHaUDMTIpXG0Lrld13adrU=
github.com/whosonfirst/go-whosonfirst-cli v0.1.0/go.mod h1:Edy+amD+fMq1QS1yxB3u8maA8I93q/LG7JRNh+fsdfc=
github.com/whosonfirst/go-whosonfirst-flags v0.1.0 h1:llb2wtsI2y+gHZCmWaamMCx4YDRE8ZXQRRYqC7qB4so=
github.com/whosonfirst/go-whosonfirst-flags v0.1.0/go.mod h1:bovMiQphaVhqemXFmNVf9Ts0tqnWtzHRFMUSKX+zTE8=
github.com/whosonfirst/go-whosonfirst-geojson-v2 v0.10.2 h1:pdl6KNnyQ9eKGfmLyrU6CIbiv58V0wN3xP2+NQa/vjU=
github.com/whosonfirst/go-whosonfirst-geojson-v2 v0.10.2/go.mod h1:uriIqN/EQVo1QllqvpIcAyshnEOggPlraUYjjeyGTBg=
github.com/whosonfirst/go-whosonfirst-github v0.1.0 h1:u5zTW6K+ZfHPtQu3w5oKgIT3wKpX0oqE8Mj+japdJgs=
github.com/whosonfirst/go-whosonfirst-github v0.1.0/go.mod h1:Jgk5zBfEoj/9hLQwscBir3YInNvrfo44HaXhZpOgsI8=
github.com/whosonfirst/go-whosonfirst-hash v0.1.0 h1:FpnclPIb+8M1uhSXfl3z8nYcG/3O59vgfkdV+m0hQpA=
github.com/whosonfirst/go-whosonfirst-hash v0.1.0/go.mod h1:1ZdCFZTnQt5bwnsj2daB9yHilKOKToVh+Tyj/Z8TbUk=
github.com/whosonfirst/go-whosonfirst-log v0.1.0 h1:mWYI5hn16uyeLxBmPsLSvYV4rQKK/cxGVhM+bC2ZoGc=
github.com/whosonfirst/go-whosonfirst-log v0.1.0/go.mod h1:pmgBbxZSnjGVy2nsUJBBMcFagxwIKLlmRsW7ClkXmac=
github.com/whosonfirst/go-whosonfirst-pgis v0.0.0-20180623220051-5150e1ab3d77 h1:YQtotvrYMgo+d9/b53gNDIFT6h0GMIhP5lCnDYjZPyo=
github.com/whosonfirst/go-whosonfirst-pgis v0.0.0-20180623220051-5150e1ab3d77/go.mod h1:VKBx2+bq7BVL2W/VTBDHb7FxqFFB2DXuDMgC64XZIsU=
github.com/whosonfirst/go-whosonfirst-placetypes v0.1.0 h1:zuSk8eqeEkg42sIZ4EF71IMtphdTbG80qJsXhuZXXbM=
github.com/whosonfirst/go-whosonfirst-placetypes v0.1.0/go.mod h1:Jdmug2QQLbrmg+UcYGz8k575GnrOEg63vZVS46e5fMs=
github.com/whosonfirst/go-whosonfirst-sources v0.1.0 h1:JuKLa6KWke22jBfJ1pM9WQHoz1/3pbDv2C+aR+THPPQ=
github.com/whosonfirst/go-whosonfirst-sources v0.1.0/go.mod h1:EUMHyGzUmqPPxlMmOp+28BFeoBdxxE0HCKRd67lkqGM=
github.com/whosonfirst/go-whosonfirst-spr v0.1.0 h1:5qE629nCiucF2upy5NjPOEl9cFatsljykYY0l2JKgAk=
github.com/whosonfirst/go-whosonfirst-spr v0.1.0/go.mod h1:R8GtEVz1GVSnwwOjzcoVUd172ZK26Q7hQSLI6SGG7lM=
github.com/whosonfirst/go-whosonfirst-tile38 v0.0.0-20170915161029-381cf15d87e6 h1:iegIWAkj5ShHrcssoXhRrv8Ud+JvXpUztCSroVnBG98=
github.com/whosonfirst/go-whosonfirst-tile38 v0.0.0-20170915161029-381cf15d87e6/go.mod h1:AhoewgAh2N1UCxDG4URBgU1VhwxQnK75mTcabS74Lso=
github.com/whosonfirst/go-whosonfirst-timer v0.0.0-20170816172956-4fbceb7369af h1:Im+EqXMi3+btpLf1O3i0f9wYjp32kP9KXsPwibKJZXo=
github.com/whosonfirst/go-whosonfirst-timer v0.0.0-20170816172956-4fbceb7369af/go.mod h1:rTjY5e1GIeAFC4WTSOpUIX160y8/jc3V3OCbeRQUKPY=
github.com/whosonfirst/go-whosonfirst-uri v0.1.0 h1:JMlpam0x1hVrFBMTAPY3edIHz7azfMK8lLI2kM9BgbI=
github.com/whosonfirst/go-whosonfirst-uri v0.1.0/go.mod h1:8eaDVcc4v+HHHEDaRbApdmhPwM4/JQllw2PktvZcPVs=
github.com/whosonfirst/iso8601duration v0.0.0-20150204201828-8da3af7a2a61/go.mod h1:mT7JgXlZYn9Ct77XmFiCDqdp0vEgWvRjC9mnY0lT6Lo=
github.com/whosonfirst/warning v0.1.0/go.mod h1:cAez7FpC/UEUrbiOXZO15v2JM8eijtFHQlN93AGFy1k=
golang.org/x/crypto v0.0.0-20190308221718-c2843e01d9a2/go.mod h1:djNgcEr1/C05ACkg1iLfiJU5Ep61QUkGW8qpdssI0+w=
golang.org/x/net v0.0.0-20180724234803-3673e40ba225/go.mod h1:mL1N/T3taQHkDXs73rZJwtUhF3w3ftmwwsq0BUmARs4=
golang.org/x/net v0.0.0-20190108225652-1e06a53dbb7e h1:bRhVy7zSSasaqNksaRZiA5EEI+Ei4I1nO5Jh72wfHlg=
golang.org/x/net v0.0.0-20190108225652-1e06a53dbb7e/go.mod h1:mL1N/T3taQHkDXs73rZJwtUhF3w3ftmwwsq0BUmARs4=
golang.org/x/net v0.0.0-20190311183353-d8887717615a h1:oWX7TPOiFAMXLq8o0ikBYfCJVlRHBcsciT5bXOrH628=
golang.org/x/net v0.0.0-20190311183353-d8887717615a/go.mod h1:t9HGtf8HONx5eT2rtn7q6eTqICYqUVnKs3thJo3Qplg=
golang.org/x/oauth2 v0.0.0-20190604053449-0f29369cfe45 h1:SVwTIAaPC2U/AvvLNZ2a7OVsmBpC8L5BlwK1whH3hm0=
golang.org/x/oauth2 v0.0.0-20190604053449-0f29369cfe45/go.mod h1:gOpvHmFTYa4IltrdGE7lF6nIHvwfUNPOp7c8zoXwtLw=
golang.org/x/sync v0.0.0-20181221193216-37e7f081c4d4/go.mod h1:RxMgew5VJxzue5/jJTE5uejpjVlOe/izrB70Jof72aM=
golang.org/x/sys v0.0.0-20190215142949-d0b11bdaac8a/go.mod h1:STP8DvDyc/dI5b8T5hshtkjS+E42TnysNCUPdjciGhY=
golang.org/x/sys v0.0.0-20190222072716-a9d3bda3a223/go.mod h1:STP8DvDyc/dI5b8T5hshtkjS+E42TnysNCUPdjciGhY=
golang.org/x/text v0.3.0/go.mod h1:NqM8EUOU14njkJ3fqMW+pc6Ldnwhi/IjpwHt7yyuwOQ=
golang.org/x/tools v0.0.0-20190328211700-ab21143f2384/go.mod h1:LCzVGOaR6xXOjkQ3onu1FJEFr0SW1gC7cKk1uF8kGRs=
google.golang.org/appengine v1.4.0/go.mod h1:xpcJRLb0r/rnEns0DIKYYv+WjYCduHsrkT7/EB5XEv4=
gopkg.in/ini.v1 v1.42.0/go.mod h1:pNLf8WUiyNEtQjuu5G5vTm06TEv9tsIgeAvK8hOrP4k=
