cloud.google.com/go v0.34.0/go.mod h1:aQUYkXzVsufM+DwF1aE+0xfcU+56JwCaLick0ClmMTw=
github.com/MichaelTJones/walk v0.0.0-20161122175330-4748e29d5718/go.mod h1:VVwKsx9Dc8rNG55BWqogoJzGubjKnRoXdUvpGbWqeCc=
github.com/aaronland/go-http-bootstrap v0.0.2 h1:5lMN2tY7ID8Tv5bFtAuKonX1CxLHEOs1VcwAKza17n8=
github.com/aaronland/go-http-bootstrap v0.0.2/go.mod h1:qDKoTlgqhqnYHcvSHGkH7Jrx7uz0t25HpsDv6MIFQio=
github.com/aaronland/go-http-bootstrap v0.0.6 h1:Q171Sh421QuVx8bGA3+wZIje6OmWaeMCeNRaVXgwxzs=
github.com/aaronland/go-http-bootstrap v0.0.6/go.mod h1:mydJS+3/wI6g8ROiYsGdqG4cYFNp8KTicxMj5lWxbCo=
github.com/aaronland/go-http-rewrite v0.0.1 h1:nQ4qqtOC0QHpEhQeFpRRwdXAEwuhHhgsxQaV3hDT8iw=
github.com/aaronland/go-http-rewrite v0.0.1/go.mod h1:g62jjXpsArD0lzJLs9bVLR9Locdt3f4OmqFkkJL2rQU=
github.com/aaronland/go-http-rewrite v0.0.3/go.mod h1:g62jjXpsArD0lzJLs9bVLR9Locdt3f4OmqFkkJL2rQU=
github.com/aaronland/go-http-rewrite v0.0.5 h1:QA1AE5IVDi76FeFBGlomyKlwMfcaIhBvLzFGNsO/2Co=
github.com/aaronland/go-http-rewrite v0.0.5/go.mod h1:HdrFqPsolWHaLgDliK+HUuhuJaJM7YaN7q1fCMEqjYQ=
github.com/alexbrainman/sspi v0.0.0-20180613141037-e580b900e9f5 h1:P5U+E4x5OkVEKQDklVPmzs71WM56RTTRqV4OrDC//Y4=
github.com/alexbrainman/sspi v0.0.0-20180613141037-e580b900e9f5/go.mod h1:976q2ETgjT2snVCf2ZaBnyBbVoPERGjUz+0sofzEfro=
github.com/briandowns/spinner v1.6.1 h1:LBxHu5WLyVuVEtTD72xegiC7QJGx598LBpo3ywKTapA=
github.com/briandowns/spinner v1.6.1/go.mod h1://Zf9tMcxfRUA36V23M6YGEAv+kECGfvpnLTnb8n4XQ=
github.com/briandowns/spinner v1.11.1/go.mod h1:QOuQk7x+EaDASo80FEXwlwiA+j/PPIcX3FScO+3/ZPQ=
github.com/channelmeter/iso8601duration v0.0.0-20150204201828-8da3af7a2a61/go.mod h1:Rp8e0DCtEKwXFOC6JPJQVTz8tuGoGvw6Xfexggh/ed0=
github.com/davecgh/go-spew v1.1.0/go.mod h1:J7Y8YcW2NihsgmVo/mv3lAwl/skON4iLHjSsI+c5H38=
github.com/elazarl/go-bindata-assetfs v1.0.0 h1:G/bYguwHIzWq9ZoyUQqrjTmJbbYn3j3CKKpKinvZLFk=
github.com/elazarl/go-bindata-assetfs v1.0.0/go.mod h1:v+YaWX3bdea5J/mo8dSETolEo7R71Vk1u8bnjau5yw4=
github.com/facebookgo/clock v0.0.0-20150410010913-600d898af40a h1:yDWHCSQ40h88yih2JAcL6Ls/kVkSE8GFACTGVnMPruw=
github.com/facebookgo/clock v0.0.0-20150410010913-600d898af40a/go.mod h1:7Ga40egUymuWXxAe151lTNnCv97MddSOVsjpPPkityA=
github.com/facebookgo/grace v0.0.0-20180706040059-75cf19382434 h1:mOp33BLbcbJ8fvTAmZacbBiOASfxN+MLcLxymZCIrGE=
github.com/facebookgo/grace v0.0.0-20180706040059-75cf19382434/go.mod h1:KigFdumBXUPSwzLDbeuzyt0elrL7+CP7TKuhrhT4bcU=
github.com/facebookgo/httpdown v0.0.0-20180706035922-5979d39b15c2 h1:nXeeRHmgNgjLxi+7dY9l9aDvSS1uwVlNLqUWIY4Ath0=
github.com/facebookgo/httpdown v0.0.0-20180706035922-5979d39b15c2/go.mod h1:TUV/fX3XrTtBQb5+ttSUJzcFgLNpILONFTKmBuk5RSw=
github.com/facebookgo/stats v0.0.0-20151006221625-1b76add642e4 h1:0YtRCqIZs2+Tz49QuH6cJVw/IFqzo39gEqZ0iYLxD2M=
github.com/facebookgo/stats v0.0.0-20151006221625-1b76add642e4/go.mod h1:vsJz7uE339KUCpBXx3JAJzSRH7Uk4iGGyJzR529qDIA=
github.com/fatih/color v1.7.0 h1:DkWD4oS2D8LGGgTQ6IvwJJXSL5Vp2ffcQg58nFV38Ys=
github.com/fatih/color v1.7.0/go.mod h1:Zm6kSWBoL9eyXnKyktHP6abPY2pDugNf5KwzbycvMj4=
github.com/garyburd/redigo v1.6.0 h1:0VruCpn7yAIIu7pWVClQC8wxCJEcG3nyzpMSHKi1PQc=
github.com/garyburd/redigo v1.6.0/go.mod h1:NR3MbYisc3/PwhQ00EMzDiPmrwpPxAn5GI05/YaO1SY=
github.com/garyburd/redigo v1.6.2 h1:yE/pwKCrbLpLpQICzYTeZ7JsTA/C53wFTJHaEtRqniM=
github.com/garyburd/redigo v1.6.2/go.mod h1:NR3MbYisc3/PwhQ00EMzDiPmrwpPxAn5GI05/YaO1SY=
github.com/go-ini/ini v1.42.0/go.mod h1:ByCAeIL28uOIIG0E3PJtZPDL8WnHpFKFOtgjp+3Ies8=
github.com/go-ini/ini v1.55.0/go.mod h1:ByCAeIL28uOIIG0E3PJtZPDL8WnHpFKFOtgjp+3Ies8=
github.com/golang/protobuf v1.2.0 h1:P3YflyNX/ehuJFLhxviNdFxQPkGK5cDcApsge1SqnvM=
github.com/golang/protobuf v1.2.0/go.mod h1:6lQm79b+lXiMfvg/cZm0SGofjICqVBUtrP5yJMmIC1U=
github.com/google/go-github v17.0.0+incompatible h1:N0LgJ1j65A7kfXrZnUDaYCs/Sf4rEjNlfyDHW9dolSY=
github.com/google/go-github v17.0.0+incompatible/go.mod h1:zLgOLi98H3fifZn+44m+umXrS52loVEgC2AApnigrVQ=
github.com/google/go-github/v27 v27.0.6 h1:oiOZuBmGHvrGM1X9uNUAUlLgp5r1UUO/M/KnbHnLRlQ=
github.com/google/go-github/v27 v27.0.6/go.mod h1:/0Gr8pJ55COkmv+S/yPKCczSkUPIM/LnFyubufRNIS0=
github.com/google/go-querystring v1.0.0 h1:Xkwi/a1rcvNg1PPYe5vI8GbeBY/jrVuDX5ASuANWTrk=
github.com/google/go-querystring v1.0.0/go.mod h1:odCYkC5MyYFN7vkCjXpyrEuKhc/BUO6wN/zVPAxq5ck=
github.com/gopherjs/gopherjs v0.0.0-20181017120253-0766667cb4d1/go.mod h1:wJfORRmW1u3UXTncJ5qlYoELFm8eSnnEO6hX4iZ3EWY=
github.com/gorilla/securecookie v1.1.1/go.mod h1:ra0sb63/xPlUeL+yeDciTfxMRAA+MP+HVt/4epWDjd4=
github.com/gorilla/sessions v1.2.0/go.mod h1:dk2InVEVJ0sfLlnXv9EAgkf6ecYs/i80K/zI+bUmuGM=
github.com/hashicorp/errwrap v0.0.0-20141028054710-7554cd9344ce h1:prjrVgOk2Yg6w+PflHoszQNLTUh4kaByUcEWM/9uin4=
github.com/hashicorp/errwrap v0.0.0-20141028054710-7554cd9344ce/go.mod h1:YH+1FKiLXxHSkmPseP+kNlulaMuP3n2brvKWEqk/Jc4=
github.com/hashicorp/errwrap v1.0.0/go.mod h1:YH+1FKiLXxHSkmPseP+kNlulaMuP3n2brvKWEqk/Jc4=
github.com/hashicorp/go-multierror v0.0.0-20171204182908-b7773ae21874 h1:em+tTnzgU7N22woTBMcSJAOW7tRHAkK597W+MD/CpK8=
github.com/hashicorp/go-multierror v0.0.0-20171204182908-b7773ae21874/go.mod h1:JMRHfdO9jKNzS/+BTlxCjKNQHg/jZAft8U7LloJvN7I=
github.com/hashicorp/go-multierror v1.1.0/go.mod h1:spPvp8C1qA32ftKqdAHm4hHTbPw+vmowP0z+KUhOZdA=
github.com/hashicorp/go-uuid v1.0.2 h1:cfejS+Tpcp13yd5nYHWDI6qVCny6wyX2Mt5SGur2IGE=
github.com/hashicorp/go-uuid v1.0.2/go.mod h1:6SBZvOh/SIDV7/2o3Jml5SYk/TvGqwFJ/bN7x4byOro=
github.com/jcmturner/aescts/v2 v2.0.0 h1:9YKLH6ey7H4eDBXW8khjYslgyqG2xZikXP0EQFKrle8=
github.com/jcmturner/aescts/v2 v2.0.0/go.mod h1:AiaICIRyfYg35RUkr8yESTqvSy7csK90qZ5xfvvsoNs=
github.com/jcmturner/dnsutils/v2 v2.0.0 h1:lltnkeZGL0wILNvrNiVCR6Ro5PGU/SeBvVO/8c/iPbo=
github.com/jcmturner/dnsutils/v2 v2.0.0/go.mod h1:b0TnjGOvI/n42bZa+hmXL+kFJZsFT7G4t3HTlQ184QM=
github.com/jcmturner/gofork v1.0.0 h1:J7uCkflzTEhUZ64xqKnkDxq3kzc96ajM1Gli5ktUem8=
github.com/jcmturner/gofork v1.0.0/go.mod h1:MK8+TM0La+2rjBD4jE12Kj1pCCxK7d2LK/UM3ncEo0o=
github.com/jcmturner/goidentity/v6 v6.0.1 h1:VKnZd2oEIMorCTsFBnJWbExfNN7yZr3EhJAxwOkZg6o=
github.com/jcmturner/goidentity/v6 v6.0.1/go.mod h1:X1YW3bgtvwAXju7V3LCIMpY0Gbxyjn/mY9zx4tFonSg=
github.com/jcmturner/gokrb5/v8 v8.2.0 h1:lzPl/30ZLkTveYsYZPKMcgXc8MbnE6RsTd4F9KgiLtk=
github.com/jcmturner/gokrb5/v8 v8.2.0/go.mod h1:T1hnNppQsBtxW0tCHMHTkAt8n/sABdzZgZdoFrZaZNM=
github.com/jcmturner/rpc/v2 v2.0.2 h1:gMB4IwRXYsWw4Bc6o/az2HJgFUA1ffSh90i26ZJ6Xl0=
github.com/jcmturner/rpc/v2 v2.0.2/go.mod h1:VUJYCIDm3PVOEHw8sgt091/20OJjskO/YJki3ELg/Hc=
github.com/jteeuwen/go-bindata v3.0.7+incompatible h1:91Uy4d9SYVr1kyTJ15wJsog+esAZZl7JmEfTkwmhJts=
github.com/jteeuwen/go-bindata v3.0.7+incompatible/go.mod h1:JVvhzYOiGBnFSYRyV00iY8q7/0PThjIYav1p9h5dmKs=
github.com/jtolds/gls v4.20.0+incompatible/go.mod h1:QJZ7F/aHp+rZTRtaJ1ow/lLfFfVYBRgL+9YlvaHOwJU=
github.com/lib/pq v1.2.0 h1:LXpIM/LZ5xGFhOpXAQUIMM1HdyqzVYM13zNdjCEEcA0=
github.com/lib/pq v1.2.0/go.mod h1:5WUZQaWbwv1U+lTReE5YruASi9Al49XbQIvNi/34Woo=
github.com/lib/pq v1.6.0 h1:I5DPxhYJChW9KYc66se+oKFFQX6VuQrKiprsX6ivRZc=
github.com/lib/pq v1.6.0/go.mod h1:4vXEAYvW1fRQ2/FhZ78H73A60MHw1geSm145z2mdY1g=
github.com/mattn/go-colorable v0.1.2 h1:/bC9yWikZXAL9uJdulbSfyVNIR3n3trXl+v8+1sx8mU=
github.com/mattn/go-colorable v0.1.2/go.mod h1:U0ppj6V5qS13XJ6of8GYAs25YV2eR4EVcfRqFIhoBtE=
github.com/mattn/go-isatty v0.0.8 h1:HLtExJ+uU2HOZ+wI0Tt5DtUDrx8yhUqDcp7fYERX4CE=
github.com/mattn/go-isatty v0.0.8/go.mod h1:Iq45c/XA43vh69/j3iqttzPXn0bhXyGjM0Hdxcsrc5s=
github.com/mattn/go-sqlite3 v1.10.0 h1:jbhqpg7tQe4SupckyijYiy0mJJ/pRyHvXf7JdWK860o=
github.com/mattn/go-sqlite3 v1.10.0/go.mod h1:FPy6KqzDD04eiIsT53CuJW3U88zkxoIYsOqkbpncsNc=
github.com/mmcloughlin/geohash v0.9.0 h1:FihR004p/aE1Sju6gcVq5OLDqGcMnpBY+8moBqIsVOs=
github.com/mmcloughlin/geohash v0.9.0/go.mod h1:oNZxQo5yWJh0eMQEP/8hwQuVx9Z9tjwFUqcTB1SmG0c=
github.com/patrickmn/go-cache v1.0.0 h1:3gD5McaYs9CxjyK5AXGcq8gdeCARtd/9gJDUvVeaZ0Y=
github.com/patrickmn/go-cache v2.1.0+incompatible h1:HRMgzkcYKYpi3C8ajMPV8OFXaaRUnok+kx1WdO15EQc=
github.com/patrickmn/go-cache v2.1.0+incompatible/go.mod h1:3Qf8kWWT7OJRJbdiICTKqZju1ZixQ/KpMGzzAfe6+WQ=
github.com/pkg/errors v0.8.0/go.mod h1:bwawxfHBFNV+L2hUp1rHADufV3IMtnDRdf1r5NINEl0=
github.com/pmezard/go-difflib v1.0.0/go.mod h1:iKH77koFhYxTK1pcRnkKkqfTogsbg7gZNVY4sRDYZ/4=
github.com/rs/cors v1.6.0 h1:G9tHG9lebljV9mfp9SNPDL36nCDxmo3zTlAf1YgvzmI=
github.com/rs/cors v1.6.0/go.mod h1:gFx+x8UowdsKA9AchylcLynDq+nNFfI8FkUZdN/jGCU=
github.com/rs/cors v1.7.0 h1:+88SsELBHx5r+hZ8TCkggzSstaWNbDvThkVK8H6f9ik=
github.com/rs/cors v1.7.0/go.mod h1:gFx+x8UowdsKA9AchylcLynDq+nNFfI8FkUZdN/jGCU=
github.com/sfomuseum/go-flags v0.3.1/go.mod h1:54KCZIGmvZkIOrSCHSNMvgSTKH2gJRJyISH+AiI+55w=
github.com/shaxbee/go-spatialite v0.0.0-20180425212100-9b4c81899e0e/go.mod h1:tRDdwai9gBsMVwqexZx2+O5F9QY49MxJFo1zlI/MdkU=
github.com/skelterjohn/geom v0.0.0-20180103000000-96f3e8a219c5f4276b0dda3568d80c4e02a50116 h1:3viuBF2tRGd2HlEs/uL4LLmdjOj8kAO6Y2c8Ii4H0oI=
github.com/skelterjohn/geom v0.0.0-20180103000000-96f3e8a219c5f4276b0dda3568d80c4e02a50116/go.mod h1:w8cQIijHlvvZM7afYlixPThHAdD+AkRFw3Mb9yQ2Y+I=
github.com/skelterjohn/geom v0.0.0-20180103142417-96f3e8a219c5 h1:qQF/q/+xaKD4CAVz3zfuvpij8U4ihSGIhHfOROI4NFc=
github.com/skelterjohn/geom v0.0.0-20180103142417-96f3e8a219c5/go.mod h1:w8cQIijHlvvZM7afYlixPThHAdD+AkRFw3Mb9yQ2Y+I=
github.com/smartystreets/assertions v0.0.0-20180927180507-b2de0cb4f26d/go.mod h1:OnSkiWE9lh6wB0YB77sQom3nweQdgAjqCqsofrRNTgc=
github.com/smartystreets/goconvey v0.0.0-20190330032615-68dc04aab96a/go.mod h1:syvi0/a8iFYH4r/RixwvyeAJjdLS9QV7WQ/tjFTllLA=
github.com/stretchr/objx v0.1.0/go.mod h1:HFkY916IF+rwdDfMAkV7OtwuqBVzrE8GR6GFx+wExME=
github.com/stretchr/testify v1.3.0/go.mod h1:M5WIy9Dh21IEIfnGCwXGc5bZfKNJtfHm1UVUgZn+9EI=
github.com/stretchr/testify v1.4.0/go.mod h1:j7eGeouHqKxXV5pUuKE4zz7dFj8WfuZ+81PSLYec5m4=
github.com/thisisaaronland/go-marc v0.0.0-20180114181701-88cbeb264263 h1:Q/5qrexJciYCER9C38HwxQEI5UMGpT7dlKYmUGWGgn0=
github.com/thisisaaronland/go-marc v0.0.0-20180114181701-88cbeb264263/go.mod h1:e137v7efYZ9k5RG/HOMrZqVnuCuAW/n9m69v/IgHYbA=
github.com/tidwall/gjson v1.2.1/go.mod h1:c/nTNbUr0E0OrXEhq1pwa8iEgc2DOt4ZZqAt1HtCkPA=
github.com/tidwall/gjson v1.3.2 h1:+7p3qQFaH3fOMXAJSrdZwGKcOO/lYdGS0HqGhPqDdTI=
github.com/tidwall/gjson v1.3.2/go.mod h1:P256ACg0Mn+j1RXIDXoss50DeIABTYK1PULOJHhxOls=
github.com/tidwall/gjson v1.6.0 h1:9VEQWz6LLMUsUl6PueE49ir4Ka6CzLymOAZDxpFsTDc=
github.com/tidwall/gjson v1.6.0/go.mod h1:P256ACg0Mn+j1RXIDXoss50DeIABTYK1PULOJHhxOls=
github.com/tidwall/match v1.0.1 h1:PnKP62LPNxHKTwvHHZZzdOAOCtsJTjo6dZLCwpKm5xc=
github.com/tidwall/match v1.0.1/go.mod h1:LujAq0jyVjBy028G1WhWfIzbpQfMO8bBZ6Tyb0+pL9E=
github.com/tidwall/pretty v0.0.0-20190325153808-1166b9ac2b65/go.mod h1:XNkn88O1ChpSDQmQeStsy+sBenx6DDtFZJxhVysOjyk=
github.com/tidwall/pretty v1.0.0 h1:HsD+QiTn7sK6flMKIvNmpqz1qrpP3Ps6jOKIKMooyg4=
github.com/tidwall/pretty v1.0.0/go.mod h1:XNkn88O1ChpSDQmQeStsy+sBenx6DDtFZJxhVysOjyk=
github.com/tidwall/pretty v1.0.1 h1:WE4RBSZ1x6McVVC8S/Md+Qse8YUv6HRObAx6ke00NY8=
github.com/tidwall/pretty v1.0.1/go.mod h1:XNkn88O1ChpSDQmQeStsy+sBenx6DDtFZJxhVysOjyk=
github.com/whosonfirst/go-bindata v0.1.0 h1:SIjIa/+blKoda8iTaWqxzwFtEc00jNcB2M9dRwGemrg=
github.com/whosonfirst/go-bindata v0.1.0/go.mod h1:qaBkVepgCeknoVuYsUXTJpnlxqrEcZzaIaqZ6XaK+Hk=
github.com/whosonfirst/go-bindata-assetfs v1.0.1 h1:AA328GrND8/uDkf5+5U9Fakgr7QkzET/a6uuXDYpQp0=
github.com/whosonfirst/go-bindata-assetfs v1.0.1/go.mod h1:ZCQnq9roYYk19IAwLQyMnDPSmE+lns9K85+85JSQ4DI=
github.com/whosonfirst/go-http-mapzenjs v0.0.0-20180419175126-3d9284bd66ce h1:/u0IE7QR6e0/NgNKdN2JjpLcxMUC9aIyjlii7cgt7Jo=
github.com/whosonfirst/go-http-mapzenjs v0.0.0-20180419175126-3d9284bd66ce/go.mod h1:Ddv2HnfmdSK3USFdfCzR1fEQ2eqwjeyZeS11N+sAELM=
github.com/whosonfirst/go-http-nextzenjs v0.1.0 h1:bEAweC7oCB9x2GxYDysna9EFyXABksz1ntmnU+BFPjM=
github.com/whosonfirst/go-http-nextzenjs v0.1.0/go.mod h1:Wn7C4qlWF0H5TTu1gasyqiRowHTo7G05HTEO/AUDKLA=
github.com/whosonfirst/go-http-nextzenjs v0.1.1 h1:0I/gbYPbw6qNGNfqb/ME4KCjgCg8RZk677lZjFmndpw=
github.com/whosonfirst/go-http-nextzenjs v0.1.1/go.mod h1:Wn7C4qlWF0H5TTu1gasyqiRowHTo7G05HTEO/AUDKLA=
github.com/whosonfirst/go-http-nextzenjs v0.1.4 h1:LZiK/qTWx1lvShznhr1liKVZ0fbYyNvsg4uqa0+wO1M=
github.com/whosonfirst/go-http-nextzenjs v0.1.4/go.mod h1:PsoLD2R6Vb2rvKVVncFuaEPActqLSmaV1CqXCVd+j88=
github.com/whosonfirst/go-http-rewrite v0.0.0-20170922163152-18b1c50538dd h1:vGbzgG281gm3uLaGdhN7h3a78wrBPBssH+ndibd+Qmg=
github.com/whosonfirst/go-http-rewrite v0.0.0-20170922163152-18b1c50538dd/go.mod h1:HiatHp1b4eW0qGx53qzvaWHaUDMTIpXG0Lrld13adrU=
github.com/whosonfirst/go-sanitize v0.1.0 h1:ygSqCnakwdzH/m8UEa15zXGDsoo5/JJeRkgmAjXZrBU=
github.com/whosonfirst/go-sanitize v0.1.0/go.mod h1:p/emgbafMM0p5iVAz2XWwecYPl06Tw4Jos9rhTKIrt8=
github.com/whosonfirst/go-spatialite v0.0.0-20180220171945-cb1d9ed624a8 h1:5dtYgPS6su1QqwUfVnyEL9V7GvMWX+60VRkUX5RvJsc=
github.com/whosonfirst/go-spatialite v0.0.0-20180220171945-cb1d9ed624a8/go.mod h1:JnzadIex2v6ZyX6pLrjJ5CJ69e/ljYBCqxarHDMkMJ4=
github.com/whosonfirst/go-whosonfirst-bbox v0.0.0-20170913151722-e1a4abe43723 h1:avlnFqgHJwmG0Ci0ZraWKXZp7wG1dCtcagU0qm6AjEU=
github.com/whosonfirst/go-whosonfirst-bbox v0.0.0-20170913151722-e1a4abe43723/go.mod h1:N/+7IUCXbMzCQiucDllfD131LH3jt3ybQTdSwg8e6/I=
github.com/whosonfirst/go-whosonfirst-cli v0.1.0/go.mod h1:Edy+amD+fMq1QS1yxB3u8maA8I93q/LG7JRNh+fsdfc=
github.com/whosonfirst/go-whosonfirst-crawl v0.1.0 h1:HD8xJcPME3nWoJH58SXT84q0tjBCF3Oc5jrmk5eIriQ=
github.com/whosonfirst/go-whosonfirst-crawl v0.1.0/go.mod h1:ZIYj6wdjduyJkWHwg4P3gNeLgWMW9uHZOn04eusRnLI=
github.com/whosonfirst/go-whosonfirst-crawl v0.2.0/go.mod h1:0t0OFAJ3MpllNw7hI5TpS+wJtx13nzM/DBLYUKJDJu0=
github.com/whosonfirst/go-whosonfirst-csv v0.1.0 h1:ootWwNZNxXRGrWVQt17NFtcyukpWrgWsgKxbELLF8Sg=
github.com/whosonfirst/go-whosonfirst-csv v0.1.0/go.mod h1:jhAZLURSWJN7mEpdQeXeSQnmLJq+FkTL2Q32iV0170I=
github.com/whosonfirst/go-whosonfirst-flags v0.1.0 h1:llb2wtsI2y+gHZCmWaamMCx4YDRE8ZXQRRYqC7qB4so=
github.com/whosonfirst/go-whosonfirst-flags v0.1.0/go.mod h1:bovMiQphaVhqemXFmNVf9Ts0tqnWtzHRFMUSKX+zTE8=
github.com/whosonfirst/go-whosonfirst-geojson-v2 v0.10.2 h1:pdl6KNnyQ9eKGfmLyrU6CIbiv58V0wN3xP2+NQa/vjU=
github.com/whosonfirst/go-whosonfirst-geojson-v2 v0.10.2/go.mod h1:uriIqN/EQVo1QllqvpIcAyshnEOggPlraUYjjeyGTBg=
github.com/whosonfirst/go-whosonfirst-geojson-v2 v0.12.3 h1:v4BLn+kM/BB2x1ZiMLlPAiBcFjmWnEGJmnIGqvZC/LI=
github.com/whosonfirst/go-whosonfirst-geojson-v2 v0.12.3/go.mod h1:/F8jdjew5bCB9J6G0xyMMEay+pQv/WuARYhASMKZbR4=
github.com/whosonfirst/go-whosonfirst-github v0.1.0 h1:u5zTW6K+ZfHPtQu3w5oKgIT3wKpX0oqE8Mj+japdJgs=
github.com/whosonfirst/go-whosonfirst-github v0.1.0/go.mod h1:Jgk5zBfEoj/9hLQwscBir3YInNvrfo44HaXhZpOgsI8=
github.com/whosonfirst/go-whosonfirst-github v0.2.1 h1:r6MalZIsY63RPMHyJk4ZzaHKI5pyJPrUO/zM1FrndJ0=
github.com/whosonfirst/go-whosonfirst-github v0.2.1/go.mod h1:7NnYkO4wQkxxguzg7sEfw+pAPMsjtJAjlQ/6pyGOtKQ=
github.com/whosonfirst/go-whosonfirst-hash v0.1.0 h1:FpnclPIb+8M1uhSXfl3z8nYcG/3O59vgfkdV+m0hQpA=
github.com/whosonfirst/go-whosonfirst-hash v0.1.0/go.mod h1:1ZdCFZTnQt5bwnsj2daB9yHilKOKToVh+Tyj/Z8TbUk=
github.com/whosonfirst/go-whosonfirst-index v0.1.1/go.mod h1:vgUaNF7Y7gFrqQ67UTkkMioXdGNUY4KpSlqhGy46wfg=
github.com/whosonfirst/go-whosonfirst-index v0.1.2 h1:pm/NY4O21sN7PPrOsZNfuv7kX2/Yi+YzrH+piE2vNgA=
github.com/whosonfirst/go-whosonfirst-index v0.1.2/go.mod h1:SfFN3GjmpS5TQK4mhvEcH+OfTSTWGLY8B6y48SmjLmQ=
github.com/whosonfirst/go-whosonfirst-index v0.3.0/go.mod h1:Xc+yf1h2CN8MN3aldRRNKrz51WsgnJGceilT1E0t5tw=
github.com/whosonfirst/go-whosonfirst-log v0.1.0 h1:mWYI5hn16uyeLxBmPsLSvYV4rQKK/cxGVhM+bC2ZoGc=
github.com/whosonfirst/go-whosonfirst-log v0.1.0/go.mod h1:pmgBbxZSnjGVy2nsUJBBMcFagxwIKLlmRsW7ClkXmac=
github.com/whosonfirst/go-whosonfirst-pgis v0.0.0-20180623220051-5150e1ab3d77 h1:YQtotvrYMgo+d9/b53gNDIFT6h0GMIhP5lCnDYjZPyo=
github.com/whosonfirst/go-whosonfirst-pgis v0.0.0-20180623220051-5150e1ab3d77/go.mod h1:VKBx2+bq7BVL2W/VTBDHb7FxqFFB2DXuDMgC64XZIsU=
github.com/whosonfirst/go-whosonfirst-pgis v0.1.0 h1:jZ2TvTzirypGbq+mGvqFRYSMD6VXpxUpaYiJLweSyt4=
github.com/whosonfirst/go-whosonfirst-pgis v0.1.0/go.mod h1:57goXJOIp1b3pCkjXbDLcKT+WwS0hm0p5bEDEiDs5iU=
github.com/whosonfirst/go-whosonfirst-placetypes v0.1.0 h1:zuSk8eqeEkg42sIZ4EF71IMtphdTbG80qJsXhuZXXbM=
github.com/whosonfirst/go-whosonfirst-placetypes v0.1.0/go.mod h1:Jdmug2QQLbrmg+UcYGz8k575GnrOEg63vZVS46e5fMs=
github.com/whosonfirst/go-whosonfirst-placetypes v0.2.3 h1:Gv3Hyelw+USMGL9WBEngVjTGN4/n3RwFrMj2sGTnMdw=
github.com/whosonfirst/go-whosonfirst-placetypes v0.2.3/go.mod h1:bgzjQ1WjT9yzWpV23aS6qQAF27kJpf5UcWT28pVBzdA=
github.com/whosonfirst/go-whosonfirst-sources v0.1.0 h1:JuKLa6KWke22jBfJ1pM9WQHoz1/3pbDv2C+aR+THPPQ=
github.com/whosonfirst/go-whosonfirst-sources v0.1.0/go.mod h1:EUMHyGzUmqPPxlMmOp+28BFeoBdxxE0HCKRd67lkqGM=
github.com/whosonfirst/go-whosonfirst-spr v0.1.0 h1:5qE629nCiucF2upy5NjPOEl9cFatsljykYY0l2JKgAk=
github.com/whosonfirst/go-whosonfirst-spr v0.1.0/go.mod h1:R8GtEVz1GVSnwwOjzcoVUd172ZK26Q7hQSLI6SGG7lM=
github.com/whosonfirst/go-whosonfirst-sqlite v0.0.2/go.mod h1:JmSK+NaXOzmZJXkzOdy2mHwMJvAbUzKw//B3dVr98H0=
github.com/whosonfirst/go-whosonfirst-sqlite v0.1.0 h1:Wx6DHzS8i/TNqOrVvmXqbpaYttvqlNZeSs/tXBUqFjI=
github.com/whosonfirst/go-whosonfirst-sqlite v0.1.0/go.mod h1:mm4RnFLe1ydCn1sItwU+Jfy2SYTHNp2zMSZasmM3/1M=
github.com/whosonfirst/go-whosonfirst-tile38 v0.0.0-20170915161029-381cf15d87e6 h1:iegIWAkj5ShHrcssoXhRrv8Ud+JvXpUztCSroVnBG98=
github.com/whosonfirst/go-whosonfirst-tile38 v0.0.0-20170915161029-381cf15d87e6/go.mod h1:AhoewgAh2N1UCxDG4URBgU1VhwxQnK75mTcabS74Lso=
github.com/whosonfirst/go-whosonfirst-timer v0.0.0-20170816172956-4fbceb7369af h1:Im+EqXMi3+btpLf1O3i0f9wYjp32kP9KXsPwibKJZXo=
github.com/whosonfirst/go-whosonfirst-timer v0.0.0-20170816172956-4fbceb7369af/go.mod h1:rTjY5e1GIeAFC4WTSOpUIX160y8/jc3V3OCbeRQUKPY=
github.com/whosonfirst/go-whosonfirst-uri v0.1.0 h1:JMlpam0x1hVrFBMTAPY3edIHz7azfMK8lLI2kM9BgbI=
github.com/whosonfirst/go-whosonfirst-uri v0.1.0/go.mod h1:8eaDVcc4v+HHHEDaRbApdmhPwM4/JQllw2PktvZcPVs=
github.com/whosonfirst/go-whosonfirst-uri v0.2.0 h1:iODHdyvW+8IXqHZTixZ/9GEZy1dVKGj6dMRg7fn0d2M=
github.com/whosonfirst/go-whosonfirst-uri v0.2.0/go.mod h1:8eaDVcc4v+HHHEDaRbApdmhPwM4/JQllw2PktvZcPVs=
github.com/whosonfirst/iso8601duration v0.0.0-20150204201828-8da3af7a2a61/go.mod h1:mT7JgXlZYn9Ct77XmFiCDqdp0vEgWvRjC9mnY0lT6Lo=
github.com/whosonfirst/walk v0.0.0-20160802000000-c0a349674b73681a7272f5ce6ade8ea28055059f h1:hvKIIx2IuWmRtOdpDk29quD+t7GowpHZxz8bCfIGE58=
github.com/whosonfirst/walk v0.0.0-20160802000000-c0a349674b73681a7272f5ce6ade8ea28055059f/go.mod h1:U/1VXxlMzNZbyylg18AzEeHkGi1RXiBCMKpaM2XR+tQ=
github.com/whosonfirst/walk v0.0.0-20160803014805-c0a349674b73/go.mod h1:U/1VXxlMzNZbyylg18AzEeHkGi1RXiBCMKpaM2XR+tQ=
github.com/whosonfirst/warning v0.1.0 h1:NgMa6a6Xv7FdDNgpqK5j/FDo6qrcFzFtidAExDqPfC0=
github.com/whosonfirst/warning v0.1.0/go.mod h1:cAez7FpC/UEUrbiOXZO15v2JM8eijtFHQlN93AGFy1k=
github.com/whosonfirst/warning v0.1.1/go.mod h1:/unEMzhB9YaMeEwTJpzLN3kM5LiSxdJhKEsf/OQhn6s=
golang.org/x/crypto v0.0.0-20190308221718-c2843e01d9a2/go.mod h1:djNgcEr1/C05ACkg1iLfiJU5Ep61QUkGW8qpdssI0+w=
golang.org/x/crypto v0.0.0-20200117160349-530e935923ad/go.mod h1:LzIPMQfyMNhhGPhUkYOs5KpL4U8rLKemX1yGLhDgUto=
golang.org/x/crypto v0.0.0-20200311171314-f7b00557c8c4/go.mod h1:LzIPMQfyMNhhGPhUkYOs5KpL4U8rLKemX1yGLhDgUto=
golang.org/x/crypto v0.0.0-20200622213623-75b288015ac9 h1:psW17arqaxU48Z5kZ0CQnkZWQJsqcURM6tKiBApRjXI=
golang.org/x/crypto v0.0.0-20200622213623-75b288015ac9/go.mod h1:LzIPMQfyMNhhGPhUkYOs5KpL4U8rLKemX1yGLhDgUto=
golang.org/x/net v0.0.0-20180724234803-3673e40ba225/go.mod h1:mL1N/T3taQHkDXs73rZJwtUhF3w3ftmwwsq0BUmARs4=
golang.org/x/net v0.0.0-20190108225652-1e06a53dbb7e h1:bRhVy7zSSasaqNksaRZiA5EEI+Ei4I1nO5Jh72wfHlg=
golang.org/x/net v0.0.0-20190108225652-1e06a53dbb7e/go.mod h1:mL1N/T3taQHkDXs73rZJwtUhF3w3ftmwwsq0BUmARs4=
golang.org/x/net v0.0.0-20190311183353-d8887717615a h1:oWX7TPOiFAMXLq8o0ikBYfCJVlRHBcsciT5bXOrH628=
golang.org/x/net v0.0.0-20190311183353-d8887717615a/go.mod h1:t9HGtf8HONx5eT2rtn7q6eTqICYqUVnKs3thJo3Qplg=
golang.org/x/net v0.0.0-20190404232315-eb5bcb51f2a3/go.mod h1:t9HGtf8HONx5eT2rtn7q6eTqICYqUVnKs3thJo3Qplg=
golang.org/x/net v0.0.0-20190613194153-d28f0bde5980/go.mod h1:z5CRVTTTmAJ677TzLLGU+0bjPO0LkuOLi4/5GtJWs/s=
golang.org/x/net v0.0.0-20190628185345-da137c7871d7 h1:rTIdg5QFRR7XCaK4LCjBiPbx8j4DQRpdYMnGn/bJUEU=
golang.org/x/net v0.0.0-20190628185345-da137c7871d7/go.mod h1:z5CRVTTTmAJ677TzLLGU+0bjPO0LkuOLi4/5GtJWs/s=
golang.org/x/net v0.0.0-20200114155413-6afb5195e5aa/go.mod h1:z5CRVTTTmAJ677TzLLGU+0bjPO0LkuOLi4/5GtJWs/s=
golang.org/x/net v0.0.0-20200519113804-d87ec0cfa476/go.mod h1:qpuaurCH72eLCgpAm/N6yyVIVM9cpaDIP3A8BGJEC5A=
golang.org/x/net v0.0.0-20200707034311-ab3426394381 h1:VXak5I6aEWmAXeQjA+QSZzlgNrpq9mjcfDemuexIKsU=
golang.org/x/net v0.0.0-20200707034311-ab3426394381/go.mod h1:/O7V0waA8r7cgGh81Ro3o1hOxt32SMVPicZroKQ2sZA=
golang.org/x/oauth2 v0.0.0-20180821212333-d2e6202438be/go.mod h1:N/0e6XlmueqKjAGxoOufVs8QHGRruUQn6yWY3a++T0U=
golang.org/x/oauth2 v0.0.0-20190604053449-0f29369cfe45 h1:SVwTIAaPC2U/AvvLNZ2a7OVsmBpC8L5BlwK1whH3hm0=
golang.org/x/oauth2 v0.0.0-20190604053449-0f29369cfe45/go.mod h1:gOpvHmFTYa4IltrdGE7lF6nIHvwfUNPOp7c8zoXwtLw=
golang.org/x/oauth2 v0.0.0-20200107190931-bf48bf16ab8d h1:TzXSXBo42m9gQenoE3b9BGiEpg5IG2JkU5FkPIawgtw=
golang.org/x/oauth2 v0.0.0-20200107190931-bf48bf16ab8d/go.mod h1:gOpvHmFTYa4IltrdGE7lF6nIHvwfUNPOp7c8zoXwtLw=
golang.org/x/sync v0.0.0-20181221193216-37e7f081c4d4/go.mod h1:RxMgew5VJxzue5/jJTE5uejpjVlOe/izrB70Jof72aM=
golang.org/x/sync v0.0.0-20190227155943-e225da77a7e6/go.mod h1:RxMgew5VJxzue5/jJTE5uejpjVlOe/izrB70Jof72aM=
golang.org/x/sys v0.0.0-20190215142949-d0b11bdaac8a/go.mod h1:STP8DvDyc/dI5b8T5hshtkjS+E42TnysNCUPdjciGhY=
golang.org/x/sys v0.0.0-20190222072716-a9d3bda3a223/go.mod h1:STP8DvDyc/dI5b8T5hshtkjS+E42TnysNCUPdjciGhY=
golang.org/x/sys v0.0.0-20190412213103-97732733099d/go.mod h1:h1NjWce9XRLGQEsW7wpKNCjG9DtNlClVuFLEZdDNbEs=
golang.org/x/sys v0.0.0-20200323222414-85ca7c5b95cd/go.mod h1:h1NjWce9XRLGQEsW7wpKNCjG9DtNlClVuFLEZdDNbEs=
golang.org/x/text v0.3.0/go.mod h1:NqM8EUOU14njkJ3fqMW+pc6Ldnwhi/IjpwHt7yyuwOQ=
golang.org/x/tools v0.0.0-20190328211700-ab21143f2384/go.mod h1:LCzVGOaR6xXOjkQ3onu1FJEFr0SW1gC7cKk1uF8kGRs=
google.golang.org/appengine v1.1.0/go.mod h1:EbEs0AVv82hx2wNQdGPgUI5lhzA/G0D9YwlJXL52JkM=
google.golang.org/appengine v1.4.0 h1:/wp5JvzpHIxhs/dumFmF7BXTf3Z+dd4uXta4kVyO508=
google.golang.org/appengine v1.4.0/go.mod h1:xpcJRLb0r/rnEns0DIKYYv+WjYCduHsrkT7/EB5XEv4=
gopkg.in/check.v1 v0.0.0-20161208181325-20d25e280405/go.mod h1:Co6ibVJAznAaIkqp8huTwlJQCZ016jof/cbN4VW5Yz0=
gopkg.in/ini.v1 v1.42.0/go.mod h1:pNLf8WUiyNEtQjuu5G5vTm06TEv9tsIgeAvK8hOrP4k=
gopkg.in/jcmturner/aescts.v1 v1.0.1/go.mod h1:nsR8qBOg+OucoIW+WMhB3GspUQXq9XorLnQb9XtvcOo=
gopkg.in/jcmturner/dnsutils.v1 v1.0.1/go.mod h1:m3v+5svpVOhtFAP/wSz+yzh4Mc0Fg7eRhxkJMWSIz9Q=
gopkg.in/jcmturner/goidentity.v3 v3.0.0/go.mod h1:oG2kH0IvSYNIu80dVAyu/yoefjq1mNfM5bm88whjWx4=
gopkg.in/jcmturner/gokrb5.v7 v7.5.0/go.mod h1:l8VISx+WGYp+Fp7KRbsiUuXTTOnxIc3Tuvyavf11/WM=
gopkg.in/jcmturner/rpc.v1 v1.1.0/go.mod h1:YIdkC4XfD6GXbzje11McwsDuOlZQSb9W4vfLvuNnlv8=
gopkg.in/yaml.v2 v2.2.2/go.mod h1:hI93XBmqTisBFMUTm0b8Fm+jr3Dg1NNxqwp+5A1VGuI=
